{
  "name": "an11ty",
  "version": "0.0.25",
  "lockfileVersion": 1,
  "requires": true,
  "dependencies": {
    "cheap-watch": {
      "version": "1.0.2",
      "resolved": "https://registry.npmjs.org/cheap-watch/-/cheap-watch-1.0.2.tgz",
      "integrity": "sha512-jp82t+kZAW+ZVnuYuHZEGZqDaUg28uAyOhC915BcKBSYL55fpTyuJ56cYYXZG0JkCPQT80MjRD6q2KqebaPwCw=="
    },
    "mergefs": {
      "version": "1.0.2",
      "resolved": "https://registry.npmjs.org/mergefs/-/mergefs-1.0.2.tgz",
      "integrity": "sha512-PwEZxcVH/9sWvfhD9LpybnTkOf/MpQh2QYFVo0VhgE8kSMI2mb5b/w7HfJbP4zfEXOsoIKMhqFXXhPJ54wwrHQ==",
      "requires": {
        "totalist": "^2.0.0"
      }
    },
    "mri": {
      "version": "1.1.6",
      "resolved": "https://registry.npmjs.org/mri/-/mri-1.1.6.tgz",
      "integrity": "sha512-oi1b3MfbyGa7FJMP9GmLTttni5JoICpYBRlq+x5V16fZbLsnL9N3wFqqIm/nIG43FjUFkFh9Epzp/kzUGUnJxQ=="
    },
    "ncp": {
      "version": "2.0.0",
      "resolved": "https://registry.npmjs.org/ncp/-/ncp-2.0.0.tgz",
      "integrity": "sha1-GVoh1sRuNh0vsSgbo4uR6d9727M="
    },
    "premove": {
      "version": "3.0.1",
      "resolved": "https://registry.npmjs.org/premove/-/premove-3.0.1.tgz",
      "integrity": "sha512-lH6+7lVMTu7Fl3NdfptcY7E5ElRVhAOpW0mfJq8qPex84KEaT7TOXYvGLW2PFp+wpWrvNMAn3RNYyy+QKx2kiA=="
    },
    "sade": {
      "version": "1.7.3",
      "resolved": "https://registry.npmjs.org/sade/-/sade-1.7.3.tgz",
      "integrity": "sha512-m4BctppMvJ60W1dXnHq7jMmFe3hPJZDAH85kQ3ACTo7XZNVUuTItCQ+2HfyaMeV5cKrbw7l4vD/6We3GBxvdJw==",
      "requires": {
        "mri": "^1.1.0"
      }
    },
    "totalist": {
      "version": "2.0.0",
      "resolved": "https://registry.npmjs.org/totalist/-/totalist-2.0.0.tgz",
      "integrity": "sha512-+Y17F0YzxfACxTyjfhnJQEe7afPA0GSpYlFkl2VFMxYP7jshQf9gXV7cH47EfToBumFThfKBvfAcoUn6fdNeRQ=="
    }
  }
}
